
Microsoft Visual Studio Solution File, Format Version 12.00
# Visual Studio 15
VisualStudioVersion = 15.0.27004.2006
MinimumVisualStudioVersion = 10.0.40219.1
Project("{FAE04EC0-301F-11D3-BF4B-00C04F79EFBC}") = "making the deck", "making the deck\making the deck.csproj", "{3B06D42C-7381-46E9-B336-69F5A8602DC2}"
EndProject
Global
	GlobalSection(SolutionConfigurationPlatforms) = preSolution
		Debug|Any CPU = Debug|Any CPU
		Release|Any CPU = Release|Any CPU
	EndGlobalSection
	GlobalSection(ProjectConfigurationPlatforms) = postSolution
		{3B06D42C-7381-46E9-B336-69F5A8602DC2}.Debug|Any CPU.ActiveCfg = Debug|Any CPU
		{3B06D42C-7381-46E9-B336-69F5A8602DC2}.Debug|Any CPU.Build.0 = Debug|Any CPU
		{3B06D42C-7381-46E9-B336-69F5A8602DC2}.Release|Any CPU.ActiveCfg = Release|Any CPU
		{3B06D42C-7381-46E9-B336-69F5A8602DC2}.Release|Any CPU.Build.0 = Release|Any CPU
	EndGlobalSection
	GlobalSection(SolutionProperties) = preSolution
		HideSolutionNode = FALSE
	EndGlobalSection
	GlobalSection(ExtensibilityGlobals) = postSolution
		SolutionGuid = {F30C55AF-82F7-42E8-B973-D709AEBA3286}
	EndGlobalSection
EndGlobal
